
Microsoft Visual Studio Solution File, Format Version 12.00
# Visual Studio Version 17
VisualStudioVersion = 17.5.33414.496
MinimumVisualStudioVersion = 10.0.40219.1
Project("{FAE04EC0-301F-11D3-BF4B-00C04F79EFBC}") = "Week4Loops", "Week4Loops\Week4Loops.csproj", "{FB6C7EF6-4027-4573-82BF-EC1E35D5583C}"
EndProject
Project("{FAE04EC0-301F-11D3-BF4B-00C04F79EFBC}") = "ForLoopSum", "ForLoopSum\ForLoopSum.csproj", "{7CD31F7F-6131-4DD5-B3CA-03F0831F950A}"
EndProject
Project("{FAE04EC0-301F-11D3-BF4B-00C04F79EFBC}") = "RandomNumber", "RandomNumber\RandomNumber.csproj", "{4B111685-D2DD-4142-B86B-51A9784B4D9B}"
EndProject
Project("{FAE04EC0-301F-11D3-BF4B-00C04F79EFBC}") = "WhileLoops", "WhileLoops\WhileLoops.csproj", "{FB8E4C52-7BFB-4A40-B867-3E218846712B}"
EndProject
Global
	GlobalSection(SolutionConfigurationPlatforms) = preSolution
		Debug|Any CPU = Debug|Any CPU
		Release|Any CPU = Release|Any CPU
	EndGlobalSection
	GlobalSection(ProjectConfigurationPlatforms) = postSolution
		{FB6C7EF6-4027-4573-82BF-EC1E35D5583C}.Debug|Any CPU.ActiveCfg = Debug|Any CPU
		{FB6C7EF6-4027-4573-82BF-EC1E35D5583C}.Debug|Any CPU.Build.0 = Debug|Any CPU
		{FB6C7EF6-4027-4573-82BF-EC1E35D5583C}.Release|Any CPU.ActiveCfg = Release|Any CPU
		{FB6C7EF6-4027-4573-82BF-EC1E35D5583C}.Release|Any CPU.Build.0 = Release|Any CPU
		{7CD31F7F-6131-4DD5-B3CA-03F0831F950A}.Debug|Any CPU.ActiveCfg = Debug|Any CPU
		{7CD31F7F-6131-4DD5-B3CA-03F0831F950A}.Debug|Any CPU.Build.0 = Debug|Any CPU
		{7CD31F7F-6131-4DD5-B3CA-03F0831F950A}.Release|Any CPU.ActiveCfg = Release|Any CPU
		{7CD31F7F-6131-4DD5-B3CA-03F0831F950A}.Release|Any CPU.Build.0 = Release|Any CPU
		{4B111685-D2DD-4142-B86B-51A9784B4D9B}.Debug|Any CPU.ActiveCfg = Debug|Any CPU
		{4B111685-D2DD-4142-B86B-51A9784B4D9B}.Debug|Any CPU.Build.0 = Debug|Any CPU
		{4B111685-D2DD-4142-B86B-51A9784B4D9B}.Release|Any CPU.ActiveCfg = Release|Any CPU
		{4B111685-D2DD-4142-B86B-51A9784B4D9B}.Release|Any CPU.Build.0 = Release|Any CPU
		{FB8E4C52-7BFB-4A40-B867-3E218846712B}.Debug|Any CPU.ActiveCfg = Debug|Any CPU
		{FB8E4C52-7BFB-4A40-B867-3E218846712B}.Debug|Any CPU.Build.0 = Debug|Any CPU
		{FB8E4C52-7BFB-4A40-B867-3E218846712B}.Release|Any CPU.ActiveCfg = Release|Any CPU
		{FB8E4C52-7BFB-4A40-B867-3E218846712B}.Release|Any CPU.Build.0 = Release|Any CPU
	EndGlobalSection
	GlobalSection(SolutionProperties) = preSolution
		HideSolutionNode = FALSE
	EndGlobalSection
	GlobalSection(ExtensibilityGlobals) = postSolution
		SolutionGuid = {3A932BA5-89C1-4DA5-9656-5699F726A2E3}
	EndGlobalSection
EndGlobal
